{
  "name": "spotify-radio",
  "version": "1.0.0",
  "lockfileVersion": 3,
  "requires": true,
  "packages": {
    "": {
      "name": "spotify-radio",
      "version": "1.0.0",
      "dependencies": {
        "youtube-sr": "^4.3.11"
      }
    },
    "node_modules/youtube-sr": {
      "version": "4.3.11",
      "resolved": "https://registry.npmjs.org/youtube-sr/-/youtube-sr-4.3.11.tgz",
      "integrity": "sha512-3oHiS2x7PpMiDRW7Cq8nz1bkAIBOJHoOwkPl/oncM/+A9/3xxMDgMLGW2dsBEP1DHFyRXYTVABgfbdwHF8sXXQ==",
      "license": "Apache-2.0"
    }
  }
}
